
Microsoft Visual Studio Solution File, Format Version 12.00
# Visual Studio Version 16
VisualStudioVersion = 16.0.31112.23
MinimumVisualStudioVersion = 10.0.40219.1
Project("{9A19103F-16F7-4668-BE54-9A1E7A4F7556}") = "StockCombinationsGenerator", "StockCombinationsGenerator\StockCombinationsGenerator.csproj", "{7CF63751-DD32-49F1-81B8-4B5F265BEAA0}"
EndProject
Project("{FAE04EC0-301F-11D3-BF4B-00C04F79EFBC}") = "StockCombinationsGeneratorConsole", "StockCombinationsGeneratorConsole\StockCombinationsGeneratorConsole.csproj", "{A885184D-F3EB-4DBC-B166-E0814B9B88AF}"
EndProject
Global
	GlobalSection(SolutionConfigurationPlatforms) = preSolution
		Debug|Any CPU = Debug|Any CPU
		Release|Any CPU = Release|Any CPU
	EndGlobalSection
	GlobalSection(ProjectConfigurationPlatforms) = postSolution
		{7CF63751-DD32-49F1-81B8-4B5F265BEAA0}.Debug|Any CPU.ActiveCfg = Debug|Any CPU
		{7CF63751-DD32-49F1-81B8-4B5F265BEAA0}.Debug|Any CPU.Build.0 = Debug|Any CPU
		{7CF63751-DD32-49F1-81B8-4B5F265BEAA0}.Release|Any CPU.ActiveCfg = Release|Any CPU
		{7CF63751-DD32-49F1-81B8-4B5F265BEAA0}.Release|Any CPU.Build.0 = Release|Any CPU
		{A885184D-F3EB-4DBC-B166-E0814B9B88AF}.Debug|Any CPU.ActiveCfg = Debug|Any CPU
		{A885184D-F3EB-4DBC-B166-E0814B9B88AF}.Debug|Any CPU.Build.0 = Debug|Any CPU
		{A885184D-F3EB-4DBC-B166-E0814B9B88AF}.Release|Any CPU.ActiveCfg = Release|Any CPU
		{A885184D-F3EB-4DBC-B166-E0814B9B88AF}.Release|Any CPU.Build.0 = Release|Any CPU
	EndGlobalSection
	GlobalSection(SolutionProperties) = preSolution
		HideSolutionNode = FALSE
	EndGlobalSection
	GlobalSection(ExtensibilityGlobals) = postSolution
		SolutionGuid = {82E930EC-F889-4DEF-A813-BD662928C2AA}
	EndGlobalSection
EndGlobal
